github.com/nicokaiser/hugo-theme-gallery v0.0.0-20230712201005-c078effab31e h1:MoR0qc1+wQfLdfT3EamXPkrqugp58tBLf0+e1x6Wvgc=
github.com/nicokaiser/hugo-theme-gallery v0.0.0-20230712201005-c078effab31e/go.mod h1:8AuD9hExxEMCLloALGPYnWFl4LCq8/xzS2Bs+WRhXzQ=
github.com/nicokaiser/hugo-theme-gallery/v2 v2.0.1 h1:y7zj4ZSChYNQgLESbMqGaKaumZLywBfbOSeET1XUx08=
github.com/nicokaiser/hugo-theme-gallery/v2 v2.0.1/go.mod h1:o9pbetoW14OfOYJnKs4JIx8kqWu1nvR2jaORM9ziw80=
